
Microsoft Visual Studio Solution File, Format Version 12.00
# Visual Studio Version 17
VisualStudioVersion = 17.13.35919.96 d17.13
MinimumVisualStudioVersion = 10.0.40219.1
Project("{FAE04EC0-301F-11D3-BF4B-00C04F79EFBC}") = "Dapper_NorthWind_ProductLister", "Dapper_NorthWind_ProductLister\Dapper_NorthWind_ProductLister.csproj", "{43D76C20-40D6-4905-85F1-026941A47AA7}"
EndProject
Global
	GlobalSection(SolutionConfigurationPlatforms) = preSolution
		Debug|Any CPU = Debug|Any CPU
		Release|Any CPU = Release|Any CPU
	EndGlobalSection
	GlobalSection(ProjectConfigurationPlatforms) = postSolution
		{43D76C20-40D6-4905-85F1-026941A47AA7}.Debug|Any CPU.ActiveCfg = Debug|Any CPU
		{43D76C20-40D6-4905-85F1-026941A47AA7}.Debug|Any CPU.Build.0 = Debug|Any CPU
		{43D76C20-40D6-4905-85F1-026941A47AA7}.Release|Any CPU.ActiveCfg = Release|Any CPU
		{43D76C20-40D6-4905-85F1-026941A47AA7}.Release|Any CPU.Build.0 = Release|Any CPU
	EndGlobalSection
	GlobalSection(SolutionProperties) = preSolution
		HideSolutionNode = FALSE
	EndGlobalSection
	GlobalSection(ExtensibilityGlobals) = postSolution
		SolutionGuid = {14E08BF2-3512-42AA-99CF-97DA5D6D5EB1}
	EndGlobalSection
EndGlobal
